<?xml version="1.0" encoding="utf-8"?>
<Project ToolsVersion="4.0" xmlns="http://schemas.microsoft.com/developer/msbuild/2003">
  <ItemGroup>
    <Filter Include="Framework">
      <UniqueIdentifier>{93995380-89BD-4b04-88EB-625FBE52EBFB}</UniqueIdentifier>
      <Extensions>h;hpp;hxx;hm;inl;inc;xsd</Extensions>
    </Filter>
    <Filter Include="Framework\Drawables">
      <UniqueIdentifier>{da442493-0c8b-4281-8f63-7e6afd260e0e}</UniqueIdentifier>
    </Filter>
    <Filter Include="Framework\Application">
      <UniqueIdentifier>{080e2ad9-9626-4ca6-9186-16ea359ecda1}</UniqueIdentifier>
    </Filter>
    <Filter Include="Game">
      <UniqueIdentifier>{4FC737F1-C7A5-4376-A066-2A32D752A2FF}</UniqueIdentifier>
      <Extensions>cpp;c;cc;cxx;def;odl;idl;hpj;bat;asm;asmx</Extensions>
    </Filter>
    <Filter Include="Game\Scenes">
      <UniqueIdentifier>{dc45a13b-cdec-417b-b693-73f5556b6c00}</UniqueIdentifier>
    </Filter>
    <Filter Include="Game\Actors">
      <UniqueIdentifier>{7c41fd75-402c-4428-b311-c73cada83a47}</UniqueIdentifier>
    </Filter>
    <Filter Include="Framework\File &amp; IO">
      <UniqueIdentifier>{78d132a1-8157-4426-9249-46433c166275}</UniqueIdentifier>
    </Filter>
    <Filter Include="Game\Behaviour">
      <UniqueIdentifier>{c91b8990-d0a5-4fef-8bad-c499c5d3c1d0}</UniqueIdentifier>
    </Filter>
    <Filter Include="Framework\Networking">
      <UniqueIdentifier>{f003bba9-a775-47b5-91aa-e7cc48f65e72}</UniqueIdentifier>
    </Filter>
    <Filter Include="Framework\Utilities">
      <UniqueIdentifier>{42084bfc-435f-4985-9049-e926788b2352}</UniqueIdentifier>
    </Filter>
    <Filter Include="Game\Files">
      <UniqueIdentifier>{73e01f9b-c4bb-4fa6-bc31-5dccc66c2567}</UniqueIdentifier>
    </Filter>
    <Filter Include="Game\Events">
      <UniqueIdentifier>{6b54565a-48c0-497a-aa55-7b60b99d1d9a}</UniqueIdentifier>
    </Filter>
  </ItemGroup>
  <ItemGroup>
    <ClCompile Include="Game.cpp">
      <Filter>Framework\Application</Filter>
    </ClCompile>
    <ClCompile Include="Resources.cpp">
      <Filter>Game\Files</Filter>
    </ClCompile>
    <ClCompile Include="Framework.cpp">
      <Filter>Framework</Filter>
    </ClCompile>
    <ClCompile Include="Main.cpp">
      <Filter>Game</Filter>
    </ClCompile>
    <ClCompile Include="BlockCollision.cpp">
      <Filter>Game\Events</Filter>
    </ClCompile>
    <ClCompile Include="ResetEvent.cpp">
      <Filter>Game\Events</Filter>
    </ClCompile>
    <ClCompile Include="ScreenCollision.cpp">
      <Filter>Game\Events</Filter>
    </ClCompile>
    <ClCompile Include="PlayerBehavior.cpp">
      <Filter>Game\Behaviour</Filter>
    </ClCompile>
    <ClCompile Include="BallBehaviour.cpp">
      <Filter>Game\Behaviour</Filter>
    </ClCompile>
    <ClCompile Include="AiBehaviour.cpp">
      <Filter>Game\Behaviour</Filter>
    </ClCompile>
    <ClCompile Include="Screen.cpp">
      <Filter>Game\Actors</Filter>
    </ClCompile>
    <ClCompile Include="Player.cpp">
      <Filter>Game\Actors</Filter>
    </ClCompile>
    <ClCompile Include="Paragraph.cpp">
      <Filter>Game\Actors</Filter>
    </ClCompile>
    <ClCompile Include="Hud.cpp">
      <Filter>Game\Actors</Filter>
    </ClCompile>
    <ClCompile Include="Ball.cpp">
      <Filter>Game\Actors</Filter>
    </ClCompile>
    <ClCompile Include="Exception.cpp">
      <Filter>Framework\Utilities</Filter>
    </ClCompile>
    <ClCompile Include="Networking.cpp">
      <Filter>Framework\Networking</Filter>
    </ClCompile>
    <ClCompile Include="Server.cpp">
      <Filter>Framework\Networking</Filter>
    </ClCompile>
    <ClCompile Include="Packet.cpp">
      <Filter>Framework\Networking</Filter>
    </ClCompile>
    <ClCompile Include="Client.cpp">
      <Filter>Framework\Networking</Filter>
    </ClCompile>
    <ClCompile Include="XMLFile.cpp">
      <Filter>Framework\File &amp; IO</Filter>
    </ClCompile>
    <ClCompile Include="tinyxml2.cpp">
      <Filter>Framework\File &amp; IO</Filter>
    </ClCompile>
    <ClCompile Include="Actor.cpp">
      <Filter>Framework\Drawables</Filter>
    </ClCompile>
    <ClCompile Include="Button.cpp">
      <Filter>Framework\Drawables</Filter>
    </ClCompile>
    <ClCompile Include="Label.cpp">
      <Filter>Framework\Drawables</Filter>
    </ClCompile>
    <ClCompile Include="Renderer.cpp">
      <Filter>Framework\Drawables</Filter>
    </ClCompile>
    <ClCompile Include="Texture.cpp">
      <Filter>Framework\Drawables</Filter>
    </ClCompile>
    <ClCompile Include="Window.cpp">
      <Filter>Framework\Application</Filter>
    </ClCompile>
    <ClCompile Include="SceneManager.cpp">
      <Filter>Framework\Application</Filter>
    </ClCompile>
    <ClCompile Include="ExternalLibraries.cpp">
      <Filter>Framework\Application</Filter>
    </ClCompile>
    <ClCompile Include="EventManager.cpp">
      <Filter>Framework\Application</Filter>
    </ClCompile>
    <ClCompile Include="TImeoutListener.cpp">
      <Filter>Framework\Application</Filter>
    </ClCompile>
    <ClCompile Include="CollisionListener.cpp">
      <Filter>Framework\Application</Filter>
    </ClCompile>
    <ClCompile Include="ButtonListener.cpp">
      <Filter>Framework\Application</Filter>
    </ClCompile>
    <ClCompile Include="highPrecisionTimer.cpp">
      <Filter>Framework\Utilities</Filter>
    </ClCompile>
    <ClCompile Include="Music.cpp">
      <Filter>Framework\Utilities</Filter>
    </ClCompile>
    <ClCompile Include="About.cpp">
      <Filter>Game\Scenes</Filter>
    </ClCompile>
    <ClCompile Include="Controls.cpp">
      <Filter>Game\Scenes</Filter>
    </ClCompile>
    <ClCompile Include="Gameover.cpp">
      <Filter>Game\Scenes</Filter>
    </ClCompile>
    <ClCompile Include="Menu.cpp">
      <Filter>Game\Scenes</Filter>
    </ClCompile>
    <ClCompile Include="Multiplayer.cpp">
      <Filter>Game\Scenes</Filter>
    </ClCompile>
    <ClCompile Include="OnePlayerMap.cpp">
      <Filter>Game\Scenes</Filter>
    </ClCompile>
    <ClCompile Include="OnlinePlayerMap.cpp">
      <Filter>Game\Scenes</Filter>
    </ClCompile>
    <ClCompile Include="Statistics.cpp">
      <Filter>Game\Scenes</Filter>
    </ClCompile>
    <ClCompile Include="TwoPlayerMap.cpp">
      <Filter>Game\Scenes</Filter>
    </ClCompile>
  </ItemGroup>
  <ItemGroup>
    <ClInclude Include="Game.h">
      <Filter>Framework\Application</Filter>
    </ClInclude>
    <ClInclude Include="Framework.h">
      <Filter>Framework</Filter>
    </ClInclude>
    <ClInclude Include="Scenes.h">
      <Filter>Game\Scenes</Filter>
    </ClInclude>
    <ClInclude Include="Resources.h">
      <Filter>Game\Files</Filter>
    </ClInclude>
    <ClInclude Include="BlockCollision.h">
      <Filter>Game\Events</Filter>
    </ClInclude>
    <ClInclude Include="ResetEvent.h">
      <Filter>Game\Events</Filter>
    </ClInclude>
    <ClInclude Include="ScreenCollision.h">
      <Filter>Game\Events</Filter>
    </ClInclude>
    <ClInclude Include="PlayerBehavior.h">
      <Filter>Game\Behaviour</Filter>
    </ClInclude>
    <ClInclude Include="BallBehaviour.h">
      <Filter>Game\Behaviour</Filter>
    </ClInclude>
    <ClInclude Include="AiBehaviour.h">
      <Filter>Game\Behaviour</Filter>
    </ClInclude>
    <ClInclude Include="Screen.h">
      <Filter>Game\Actors</Filter>
    </ClInclude>
    <ClInclude Include="Player.h">
      <Filter>Game\Actors</Filter>
    </ClInclude>
    <ClInclude Include="Paragraph.h">
      <Filter>Game\Actors</Filter>
    </ClInclude>
    <ClInclude Include="Hud.h">
      <Filter>Game\Actors</Filter>
    </ClInclude>
    <ClInclude Include="Ball.h">
      <Filter>Game\Actors</Filter>
    </ClInclude>
    <ClInclude Include="Exception.h">
      <Filter>Framework\Utilities</Filter>
    </ClInclude>
    <ClInclude Include="CommonHeader.h">
      <Filter>Framework\Utilities</Filter>
    </ClInclude>
    <ClInclude Include="Networking.h">
      <Filter>Framework\Networking</Filter>
    </ClInclude>
    <ClInclude Include="Server.h">
      <Filter>Framework\Networking</Filter>
    </ClInclude>
    <ClInclude Include="Packet.h">
      <Filter>Framework\Networking</Filter>
    </ClInclude>
    <ClInclude Include="Client.h">
      <Filter>Framework\Networking</Filter>
    </ClInclude>
    <ClInclude Include="XMLFile.h">
      <Filter>Framework\File &amp; IO</Filter>
    </ClInclude>
    <ClInclude Include="tinyxml2.h">
      <Filter>Framework\File &amp; IO</Filter>
    </ClInclude>
    <ClInclude Include="Actor.h">
      <Filter>Framework\Drawables</Filter>
    </ClInclude>
    <ClInclude Include="Button.h">
      <Filter>Framework\Drawables</Filter>
    </ClInclude>
    <ClInclude Include="Label.h">
      <Filter>Framework\Drawables</Filter>
    </ClInclude>
    <ClInclude Include="Renderer.h">
      <Filter>Framework\Drawables</Filter>
    </ClInclude>
    <ClInclude Include="Texture.h">
      <Filter>Framework\Drawables</Filter>
    </ClInclude>
    <ClInclude Include="Window.h">
      <Filter>Framework\Application</Filter>
    </ClInclude>
    <ClInclude Include="SceneManager.h">
      <Filter>Framework\Application</Filter>
    </ClInclude>
    <ClInclude Include="ExternalLibraries.h">
      <Filter>Framework\Application</Filter>
    </ClInclude>
    <ClInclude Include="Bank.h">
      <Filter>Framework\Application</Filter>
    </ClInclude>
    <ClInclude Include="EventManager.h">
      <Filter>Framework\Application</Filter>
    </ClInclude>
    <ClInclude Include="TimeoutListener.h">
      <Filter>Framework\Application</Filter>
    </ClInclude>
    <ClInclude Include="CollisionListener.h">
      <Filter>Framework\Application</Filter>
    </ClInclude>
    <ClInclude Include="ButtonListener.h">
      <Filter>Framework\Application</Filter>
    </ClInclude>
    <ClInclude Include="IClickable.h">
      <Filter>Framework\Application</Filter>
    </ClInclude>
    <ClInclude Include="ICollidable.h">
      <Filter>Framework\Application</Filter>
    </ClInclude>
    <ClInclude Include="IHandler.h">
      <Filter>Framework\Application</Filter>
    </ClInclude>
    <ClInclude Include="IListener.h">
      <Filter>Framework\Application</Filter>
    </ClInclude>
    <ClInclude Include="highPrecisionTimer.h">
      <Filter>Framework\Utilities</Filter>
    </ClInclude>
    <ClInclude Include="Music.h">
      <Filter>Framework\Utilities</Filter>
    </ClInclude>
    <ClInclude Include="About.h">
      <Filter>Game\Scenes</Filter>
    </ClInclude>
    <ClInclude Include="Controls.h">
      <Filter>Game\Scenes</Filter>
    </ClInclude>
    <ClInclude Include="Gameover.h">
      <Filter>Game\Scenes</Filter>
    </ClInclude>
    <ClInclude Include="Menu.h">
      <Filter>Game\Scenes</Filter>
    </ClInclude>
    <ClInclude Include="Multiplayer.h">
      <Filter>Game\Scenes</Filter>
    </ClInclude>
    <ClInclude Include="OnePlayerMap.h">
      <Filter>Game\Scenes</Filter>
    </ClInclude>
    <ClInclude Include="OnlinePlayerMap.h">
      <Filter>Game\Scenes</Filter>
    </ClInclude>
    <ClInclude Include="Statistics.h">
      <Filter>Game\Scenes</Filter>
    </ClInclude>
    <ClInclude Include="TwoPlayerMap.h">
      <Filter>Game\Scenes</Filter>
    </ClInclude>
  </ItemGroup>
</Project>